
Microsoft Visual Studio Solution File, Format Version 12.00
# Visual Studio Version 17
VisualStudioVersion = 17.10.35027.167
MinimumVisualStudioVersion = 10.0.40219.1
Project("{FAE04EC0-301F-11D3-BF4B-00C04F79EFBC}") = "01_MainSubjects", "01_MainSubjects\01_MainSubjects.csproj", "{FE8DA3B4-C150-4D76-878F-B7D24ED63716}"
EndProject
Project("{FAE04EC0-301F-11D3-BF4B-00C04F79EFBC}") = "02_Veriables", "02_Veriables\02_Veriables.csproj", "{E3960D5E-CEAA-4D75-B4C1-6A7FA4DD7668}"
EndProject
Project("{FAE04EC0-301F-11D3-BF4B-00C04F79EFBC}") = "03_MakingDecision", "03_MakingDecision\03_MakingDecision.csproj", "{6FEEDFDA-463C-45C1-BE4D-EEDC823DE7A2}"
EndProject
Project("{FAE04EC0-301F-11D3-BF4B-00C04F79EFBC}") = "04_Loops", "04_Loops\04_Loops.csproj", "{7565D12B-9F51-45C9-8BD1-D14D7DAC00D8}"
EndProject
Project("{FAE04EC0-301F-11D3-BF4B-00C04F79EFBC}") = "05_LoopsWithStars", "05_LoopsWithStars\05_LoopsWithStars.csproj", "{CB119E95-908C-498B-B8A9-5A03BA2C0ECF}"
EndProject
Project("{FAE04EC0-301F-11D3-BF4B-00C04F79EFBC}") = "06_Arrays", "06_Arrays\06_Arrays.csproj", "{F7B1C94F-8E61-40E1-965B-08A490C40D10}"
EndProject
Project("{FAE04EC0-301F-11D3-BF4B-00C04F79EFBC}") = "07_ForeachLoop", "07_ForeachLoop\07_ForeachLoop.csproj", "{1FC69DE5-B47D-4D9A-8834-979CC02C0A2B}"
EndProject
Project("{FAE04EC0-301F-11D3-BF4B-00C04F79EFBC}") = "08_Methods", "08_Methods\08_Methods.csproj", "{FA733781-53CE-46C8-94DD-BEEB22D2A0E2}"
EndProject
Project("{FAE04EC0-301F-11D3-BF4B-00C04F79EFBC}") = "09_DatabaseProject", "09_DatabaseProject\09_DatabaseProject.csproj", "{53041930-3ACA-4A05-A2EE-DBA40395E9AE}"
EndProject
Global
	GlobalSection(SolutionConfigurationPlatforms) = preSolution
		Debug|Any CPU = Debug|Any CPU
		Release|Any CPU = Release|Any CPU
	EndGlobalSection
	GlobalSection(ProjectConfigurationPlatforms) = postSolution
		{FE8DA3B4-C150-4D76-878F-B7D24ED63716}.Debug|Any CPU.ActiveCfg = Debug|Any CPU
		{FE8DA3B4-C150-4D76-878F-B7D24ED63716}.Debug|Any CPU.Build.0 = Debug|Any CPU
		{FE8DA3B4-C150-4D76-878F-B7D24ED63716}.Release|Any CPU.ActiveCfg = Release|Any CPU
		{FE8DA3B4-C150-4D76-878F-B7D24ED63716}.Release|Any CPU.Build.0 = Release|Any CPU
		{E3960D5E-CEAA-4D75-B4C1-6A7FA4DD7668}.Debug|Any CPU.ActiveCfg = Debug|Any CPU
		{E3960D5E-CEAA-4D75-B4C1-6A7FA4DD7668}.Debug|Any CPU.Build.0 = Debug|Any CPU
		{E3960D5E-CEAA-4D75-B4C1-6A7FA4DD7668}.Release|Any CPU.ActiveCfg = Release|Any CPU
		{E3960D5E-CEAA-4D75-B4C1-6A7FA4DD7668}.Release|Any CPU.Build.0 = Release|Any CPU
		{6FEEDFDA-463C-45C1-BE4D-EEDC823DE7A2}.Debug|Any CPU.ActiveCfg = Debug|Any CPU
		{6FEEDFDA-463C-45C1-BE4D-EEDC823DE7A2}.Debug|Any CPU.Build.0 = Debug|Any CPU
		{6FEEDFDA-463C-45C1-BE4D-EEDC823DE7A2}.Release|Any CPU.ActiveCfg = Release|Any CPU
		{6FEEDFDA-463C-45C1-BE4D-EEDC823DE7A2}.Release|Any CPU.Build.0 = Release|Any CPU
		{7565D12B-9F51-45C9-8BD1-D14D7DAC00D8}.Debug|Any CPU.ActiveCfg = Debug|Any CPU
		{7565D12B-9F51-45C9-8BD1-D14D7DAC00D8}.Debug|Any CPU.Build.0 = Debug|Any CPU
		{7565D12B-9F51-45C9-8BD1-D14D7DAC00D8}.Release|Any CPU.ActiveCfg = Release|Any CPU
		{7565D12B-9F51-45C9-8BD1-D14D7DAC00D8}.Release|Any CPU.Build.0 = Release|Any CPU
		{CB119E95-908C-498B-B8A9-5A03BA2C0ECF}.Debug|Any CPU.ActiveCfg = Debug|Any CPU
		{CB119E95-908C-498B-B8A9-5A03BA2C0ECF}.Debug|Any CPU.Build.0 = Debug|Any CPU
		{CB119E95-908C-498B-B8A9-5A03BA2C0ECF}.Release|Any CPU.ActiveCfg = Release|Any CPU
		{CB119E95-908C-498B-B8A9-5A03BA2C0ECF}.Release|Any CPU.Build.0 = Release|Any CPU
		{F7B1C94F-8E61-40E1-965B-08A490C40D10}.Debug|Any CPU.ActiveCfg = Debug|Any CPU
		{F7B1C94F-8E61-40E1-965B-08A490C40D10}.Debug|Any CPU.Build.0 = Debug|Any CPU
		{F7B1C94F-8E61-40E1-965B-08A490C40D10}.Release|Any CPU.ActiveCfg = Release|Any CPU
		{F7B1C94F-8E61-40E1-965B-08A490C40D10}.Release|Any CPU.Build.0 = Release|Any CPU
		{1FC69DE5-B47D-4D9A-8834-979CC02C0A2B}.Debug|Any CPU.ActiveCfg = Debug|Any CPU
		{1FC69DE5-B47D-4D9A-8834-979CC02C0A2B}.Debug|Any CPU.Build.0 = Debug|Any CPU
		{1FC69DE5-B47D-4D9A-8834-979CC02C0A2B}.Release|Any CPU.ActiveCfg = Release|Any CPU
		{1FC69DE5-B47D-4D9A-8834-979CC02C0A2B}.Release|Any CPU.Build.0 = Release|Any CPU
		{FA733781-53CE-46C8-94DD-BEEB22D2A0E2}.Debug|Any CPU.ActiveCfg = Debug|Any CPU
		{FA733781-53CE-46C8-94DD-BEEB22D2A0E2}.Debug|Any CPU.Build.0 = Debug|Any CPU
		{FA733781-53CE-46C8-94DD-BEEB22D2A0E2}.Release|Any CPU.ActiveCfg = Release|Any CPU
		{FA733781-53CE-46C8-94DD-BEEB22D2A0E2}.Release|Any CPU.Build.0 = Release|Any CPU
		{53041930-3ACA-4A05-A2EE-DBA40395E9AE}.Debug|Any CPU.ActiveCfg = Debug|Any CPU
		{53041930-3ACA-4A05-A2EE-DBA40395E9AE}.Debug|Any CPU.Build.0 = Debug|Any CPU
		{53041930-3ACA-4A05-A2EE-DBA40395E9AE}.Release|Any CPU.ActiveCfg = Release|Any CPU
		{53041930-3ACA-4A05-A2EE-DBA40395E9AE}.Release|Any CPU.Build.0 = Release|Any CPU
	EndGlobalSection
	GlobalSection(SolutionProperties) = preSolution
		HideSolutionNode = FALSE
	EndGlobalSection
	GlobalSection(ExtensibilityGlobals) = postSolution
		SolutionGuid = {C3AB3909-26E2-4802-BF4E-41C7BA994A9A}
	EndGlobalSection
EndGlobal
